
Microsoft Visual Studio Solution File, Format Version 11.00
# Visual Studio 2010
Project("{FAE04EC0-301F-11D3-BF4B-00C04F79EFBC}") = "ZombieHunt2D", "Assembly-CSharp.csproj", "{9480001D-33B3-8B91-1B8D-909E113CDC92}"
EndProject
Project("{FAE04EC0-301F-11D3-BF4B-00C04F79EFBC}") = "ZombieHunt2D", "Assembly-CSharp-firstpass.csproj", "{B996C335-A25E-089B-AD59-4F14A2D8C95A}"
EndProject
Project("{FAE04EC0-301F-11D3-BF4B-00C04F79EFBC}") = "ZombieHunt2D", "Assembly-CSharp-Editor-firstpass.csproj", "{A28FF2B7-1860-AD32-BF16-17D7D5A28CB1}"
EndProject
Project("{FAE04EC0-301F-11D3-BF4B-00C04F79EFBC}") = "ZombieHunt2D", "Assembly-CSharp-Editor.csproj", "{F0C221CA-4F2E-4AED-B163-4902509758A0}"
EndProject
Global
	GlobalSection(SolutionConfigurationPlatforms) = preSolution
		Debug|Any CPU = Debug|Any CPU
		Release|Any CPU = Release|Any CPU
	EndGlobalSection
	GlobalSection(ProjectConfigurationPlatforms) = postSolution
		{9480001D-33B3-8B91-1B8D-909E113CDC92}.Debug|Any CPU.ActiveCfg = Debug|Any CPU
		{9480001D-33B3-8B91-1B8D-909E113CDC92}.Debug|Any CPU.Build.0 = Debug|Any CPU
		{9480001D-33B3-8B91-1B8D-909E113CDC92}.Release|Any CPU.ActiveCfg = Release|Any CPU
		{9480001D-33B3-8B91-1B8D-909E113CDC92}.Release|Any CPU.Build.0 = Release|Any CPU
		{B996C335-A25E-089B-AD59-4F14A2D8C95A}.Debug|Any CPU.ActiveCfg = Debug|Any CPU
		{B996C335-A25E-089B-AD59-4F14A2D8C95A}.Debug|Any CPU.Build.0 = Debug|Any CPU
		{B996C335-A25E-089B-AD59-4F14A2D8C95A}.Release|Any CPU.ActiveCfg = Release|Any CPU
		{B996C335-A25E-089B-AD59-4F14A2D8C95A}.Release|Any CPU.Build.0 = Release|Any CPU
		{A28FF2B7-1860-AD32-BF16-17D7D5A28CB1}.Debug|Any CPU.ActiveCfg = Debug|Any CPU
		{A28FF2B7-1860-AD32-BF16-17D7D5A28CB1}.Debug|Any CPU.Build.0 = Debug|Any CPU
		{A28FF2B7-1860-AD32-BF16-17D7D5A28CB1}.Release|Any CPU.ActiveCfg = Release|Any CPU
		{A28FF2B7-1860-AD32-BF16-17D7D5A28CB1}.Release|Any CPU.Build.0 = Release|Any CPU
		{F0C221CA-4F2E-4AED-B163-4902509758A0}.Debug|Any CPU.ActiveCfg = Debug|Any CPU
		{F0C221CA-4F2E-4AED-B163-4902509758A0}.Debug|Any CPU.Build.0 = Debug|Any CPU
		{F0C221CA-4F2E-4AED-B163-4902509758A0}.Release|Any CPU.ActiveCfg = Release|Any CPU
		{F0C221CA-4F2E-4AED-B163-4902509758A0}.Release|Any CPU.Build.0 = Release|Any CPU
	EndGlobalSection
	GlobalSection(SolutionProperties) = preSolution
		HideSolutionNode = FALSE
	EndGlobalSection
	GlobalSection(MonoDevelopProperties) = preSolution
		StartupItem = Assembly-CSharp.csproj
	EndGlobalSection
EndGlobal
